
Microsoft Visual Studio Solution File, Format Version 12.00
# Visual Studio Version 16
VisualStudioVersion = 16.0.30204.135
MinimumVisualStudioVersion = 10.0.40219.1
Project("{FAE04EC0-301F-11D3-BF4B-00C04F79EFBC}") = "DesktopContactsApp", "DesktopContactsApp\DesktopContactsApp.csproj", "{34D96692-CFAB-401E-AAF8-5B628ABE5498}"
EndProject
Global
	GlobalSection(SolutionConfigurationPlatforms) = preSolution
		Debug|Any CPU = Debug|Any CPU
		Release|Any CPU = Release|Any CPU
	EndGlobalSection
	GlobalSection(ProjectConfigurationPlatforms) = postSolution
		{34D96692-CFAB-401E-AAF8-5B628ABE5498}.Debug|Any CPU.ActiveCfg = Debug|Any CPU
		{34D96692-CFAB-401E-AAF8-5B628ABE5498}.Debug|Any CPU.Build.0 = Debug|Any CPU
		{34D96692-CFAB-401E-AAF8-5B628ABE5498}.Release|Any CPU.ActiveCfg = Release|Any CPU
		{34D96692-CFAB-401E-AAF8-5B628ABE5498}.Release|Any CPU.Build.0 = Release|Any CPU
	EndGlobalSection
	GlobalSection(SolutionProperties) = preSolution
		HideSolutionNode = FALSE
	EndGlobalSection
	GlobalSection(ExtensibilityGlobals) = postSolution
		SolutionGuid = {7CA17A20-AA35-49AB-BC01-076B0F94700D}
	EndGlobalSection
EndGlobal
